// !$*UTF8*$!
{
	archiveVersion = 1;
	classes = {
	};
	objectVersion = 50;
	objects = {

/* Begin PBXBuildFile section */
		9D7ACE3924998E310062659A /* AppDelegate.swift in Sources */ = {isa = PBXBuildFile; fileRef = 9D7ACE3824998E310062659A /* AppDelegate.swift */; };
		9D7ACE3B24998E310062659A /* SceneDelegate.swift in Sources */ = {isa = PBXBuildFile; fileRef = 9D7ACE3A24998E310062659A /* SceneDelegate.swift */; };
		9D7ACE3D24998E310062659A /* ViewController.swift in Sources */ = {isa = PBXBuildFile; fileRef = 9D7ACE3C24998E310062659A /* ViewController.swift */; };
		9D7ACE4024998E310062659A /* Main.storyboard in Resources */ = {isa = PBXBuildFile; fileRef = 9D7ACE3E24998E310062659A /* Main.storyboard */; };
		9D7ACE4224998E360062659A /* Assets.xcassets in Resources */ = {isa = PBXBuildFile; fileRef = 9D7ACE4124998E360062659A /* Assets.xcassets */; };
		9D7ACE4524998E360062659A /* LaunchScreen.storyboard in Resources */ = {isa = PBXBuildFile; fileRef = 9D7ACE4324998E360062659A /* LaunchScreen.storyboard */; };
		9D7ACE5024998E370062659A /* IOS_1Tests.swift in Sources */ = {isa = PBXBuildFile; fileRef = 9D7ACE4F24998E370062659A /* IOS_1Tests.swift */; };
		9D7ACE5B24998E370062659A /* IOS_1UITests.swift in Sources */ = {isa = PBXBuildFile; fileRef = 9D7ACE5A24998E370062659A /* IOS_1UITests.swift */; };
/* End PBXBuildFile section */

/* Begin PBXContainerItemProxy section */
		9D7ACE4C24998E370062659A /* PBXContainerItemProxy */ = {
			isa = PBXContainerItemProxy;
			containerPortal = 9D7ACE2D24998E310062659A /* Project object */;
			proxyType = 1;
			remoteGlobalIDString = 9D7ACE3424998E310062659A;
			remoteInfo = "IOS 1";
		};
		9D7ACE5724998E370062659A /* PBXContainerItemProxy */ = {
			isa = PBXContainerItemProxy;
			containerPortal = 9D7ACE2D24998E310062659A /* Project object */;
			proxyType = 1;
			remoteGlobalIDString = 9D7ACE3424998E310062659A;
			remoteInfo = "IOS 1";
		};
/* End PBXContainerItemProxy section */

/* Begin PBXFileReference section */
		9D7ACE3524998E310062659A /* IOS 1.app */ = {isa = PBXFileReference; explicitFileType = wrapper.application; includeInIndex = 0; path = "IOS 1.app"; sourceTree = BUILT_PRODUCTS_DIR; };
		9D7ACE3824998E310062659A /* AppDelegate.swift */ = {isa = PBXFileReference; lastKnownFileType = sourcecode.swift; path = AppDelegate.swift; sourceTree = "<group>"; };
		9D7ACE3A24998E310062659A /* SceneDelegate.swift */ = {isa = PBXFileReference; lastKnownFileType = sourcecode.swift; path = SceneDelegate.swift; sourceTree = "<group>"; };
		9D7ACE3C24998E310062659A /* ViewController.swift */ = {isa = PBXFileReference; lastKnownFileType = sourcecode.swift; path = ViewController.swift; sourceTree = "<group>"; };
		9D7ACE3F24998E310062659A /* Base */ = {isa = PBXFileReference; lastKnownFileType = file.storyboard; name = Base; path = Base.lproj/Main.storyboard; sourceTree = "<group>"; };
		9D7ACE4124998E360062659A /* Assets.xcassets */ = {isa = PBXFileReference; lastKnownFileType = folder.assetcatalog; path = Assets.xcassets; sourceTree = "<group>"; };
		9D7ACE4424998E360062659A /* Base */ = {isa = PBXFileReference; lastKnownFileType = file.storyboard; name = Base; path = Base.lproj/LaunchScreen.storyboard; sourceTree = "<group>"; };
		9D7ACE4624998E360062659A /* Info.plist */ = {isa = PBXFileReference; lastKnownFileType = text.plist.xml; path = Info.plist; sourceTree = "<group>"; };
		9D7ACE4B24998E370062659A /* IOS 1Tests.xctest */ = {isa = PBXFileReference; explicitFileType = wrapper.cfbundle; includeInIndex = 0; path = "IOS 1Tests.xctest"; sourceTree = BUILT_PRODUCTS_DIR; };
		9D7ACE4F24998E370062659A /* IOS_1Tests.swift */ = {isa = PBXFileReference; lastKnownFileType = sourcecode.swift; path = IOS_1Tests.swift; sourceTree = "<group>"; };
		9D7ACE5124998E370062659A /* Info.plist */ = {isa = PBXFileReference; lastKnownFileType = text.plist.xml; path = Info.plist; sourceTree = "<group>"; };
		9D7ACE5624998E370062659A /* IOS 1UITests.xctest */ = {isa = PBXFileReference; explicitFileType = wrapper.cfbundle; includeInIndex = 0; path = "IOS 1UITests.xctest"; sourceTree = BUILT_PRODUCTS_DIR; };
		9D7ACE5A24998E370062659A /* IOS_1UITests.swift */ = {isa = PBXFileReference; lastKnownFileType = sourcecode.swift; path = IOS_1UITests.swift; sourceTree = "<group>"; };
		9D7ACE5C24998E370062659A /* Info.plist */ = {isa = PBXFileReference; lastKnownFileType = text.plist.xml; path = Info.plist; sourceTree = "<group>"; };
/* End PBXFileReference section */

/* Begin PBXFrameworksBuildPhase section */
		9D7ACE3224998E310062659A /* Frameworks */ = {
			isa = PBXFrameworksBuildPhase;
			buildActionMask = 2147483647;
			files = (
			);
			runOnlyForDeploymentPostprocessing = 0;
		};
		9D7ACE4824998E370062659A /* Frameworks */ = {
			isa = PBXFrameworksBuildPhase;
			buildActionMask = 2147483647;
			files = (
			);
			runOnlyForDeploymentPostprocessing = 0;
		};
		9D7ACE5324998E370062659A /* Frameworks */ = {
			isa = PBXFrameworksBuildPhase;
			buildActionMask = 2147483647;
			files = (
			);
			runOnlyForDeploymentPostprocessing = 0;
		};
/* End PBXFrameworksBuildPhase section */

/* Begin PBXGroup section */
		9D7ACE2C24998E300062659A = {
			isa = PBXGroup;
			children = (
				9D7ACE3724998E310062659A /* IOS 1 */,
				9D7ACE4E24998E370062659A /* IOS 1Tests */,
				9D7ACE5924998E370062659A /* IOS 1UITests */,
				9D7ACE3624998E310062659A /* Products */,
			);
			sourceTree = "<group>";
		};
		9D7ACE3624998E310062659A /* Products */ = {
			isa = PBXGroup;
			children = (
				9D7ACE3524998E310062659A /* IOS 1.app */,
				9D7ACE4B24998E370062659A /* IOS 1Tests.xctest */,
				9D7ACE5624998E370062659A /* IOS 1UITests.xctest */,
			);
			name = Products;
			sourceTree = "<group>";
		};
		9D7ACE3724998E310062659A /* IOS 1 */ = {
			isa = PBXGroup;
			children = (
				9D7ACE3824998E310062659A /* AppDelegate.swift */,
				9D7ACE3A24998E310062659A /* SceneDelegate.swift */,
				9D7ACE3C24998E310062659A /* ViewController.swift */,
				9D7ACE3E24998E310062659A /* Main.storyboard */,
				9D7ACE4124998E360062659A /* Assets.xcassets */,
				9D7ACE4324998E360062659A /* LaunchScreen.storyboard */,
				9D7ACE4624998E360062659A /* Info.plist */,
			);
			path = "IOS 1";
			sourceTree = "<group>";
		};
		9D7ACE4E24998E370062659A /* IOS 1Tests */ = {
			isa = PBXGroup;
			children = (
				9D7ACE4F24998E370062659A /* IOS_1Tests.swift */,
				9D7ACE5124998E370062659A /* Info.plist */,
			);
			path = "IOS 1Tests";
			sourceTree = "<group>";
		};
		9D7ACE5924998E370062659A /* IOS 1UITests */ = {
			isa = PBXGroup;
			children = (
				9D7ACE5A24998E370062659A /* IOS_1UITests.swift */,
				9D7ACE5C24998E370062659A /* Info.plist */,
			);
			path = "IOS 1UITests";
			sourceTree = "<group>";
		};
/* End PBXGroup section */

/* Begin PBXNativeTarget section */
		9D7ACE3424998E310062659A /* IOS 1 */ = {
			isa = PBXNativeTarget;
			buildConfigurationList = 9D7ACE5F24998E370062659A /* Build configuration list for PBXNativeTarget "IOS 1" */;
			buildPhases = (
				9D7ACE3124998E310062659A /* Sources */,
				9D7ACE3224998E310062659A /* Frameworks */,
				9D7ACE3324998E310062659A /* Resources */,
			);
			buildRules = (
			);
			dependencies = (
			);
			name = "IOS 1";
			productName = "IOS 1";
			productReference = 9D7ACE3524998E310062659A /* IOS 1.app */;
			productType = "com.apple.product-type.application";
		};
		9D7ACE4A24998E370062659A /* IOS 1Tests */ = {
			isa = PBXNativeTarget;
			buildConfigurationList = 9D7ACE6224998E370062659A /* Build configuration list for PBXNativeTarget "IOS 1Tests" */;
			buildPhases = (
				9D7ACE4724998E370062659A /* Sources */,
				9D7ACE4824998E370062659A /* Frameworks */,
				9D7ACE4924998E370062659A /* Resources */,
			);
			buildRules = (
			);
			dependencies = (
				9D7ACE4D24998E370062659A /* PBXTargetDependency */,
			);
			name = "IOS 1Tests";
			productName = "IOS 1Tests";
			productReference = 9D7ACE4B24998E370062659A /* IOS 1Tests.xctest */;
			productType = "com.apple.product-type.bundle.unit-test";
		};
		9D7ACE5524998E370062659A /* IOS 1UITests */ = {
			isa = PBXNativeTarget;
			buildConfigurationList = 9D7ACE6524998E370062659A /* Build configuration list for PBXNativeTarget "IOS 1UITests" */;
			buildPhases = (
				9D7ACE5224998E370062659A /* Sources */,
				9D7ACE5324998E370062659A /* Frameworks */,
				9D7ACE5424998E370062659A /* Resources */,
			);
			buildRules = (
			);
			dependencies = (
				9D7ACE5824998E370062659A /* PBXTargetDependency */,
			);
			name = "IOS 1UITests";
			productName = "IOS 1UITests";
			productReference = 9D7ACE5624998E370062659A /* IOS 1UITests.xctest */;
			productType = "com.apple.product-type.bundle.ui-testing";
		};
/* End PBXNativeTarget section */

/* Begin PBXProject section */
		9D7ACE2D24998E310062659A /* Project object */ = {
			isa = PBXProject;
			attributes = {
				LastSwiftUpdateCheck = 1150;
				LastUpgradeCheck = 1150;
				ORGANIZATIONNAME = Allan;
				TargetAttributes = {
					9D7ACE3424998E310062659A = {
						CreatedOnToolsVersion = 11.5;
					};
					9D7ACE4A24998E370062659A = {
						CreatedOnToolsVersion = 11.5;
						TestTargetID = 9D7ACE3424998E310062659A;
					};
					9D7ACE5524998E370062659A = {
						CreatedOnToolsVersion = 11.5;
						TestTargetID = 9D7ACE3424998E310062659A;
					};
				};
			};
			buildConfigurationList = 9D7ACE3024998E310062659A /* Build configuration list for PBXProject "IOS 1" */;
			compatibilityVersion = "Xcode 9.3";
			developmentRegion = en;
			hasScannedForEncodings = 0;
			knownRegions = (
				en,
				Base,
			);
			mainGroup = 9D7ACE2C24998E300062659A;
			productRefGroup = 9D7ACE3624998E310062659A /* Products */;
			projectDirPath = "";
			projectRoot = "";
			targets = (
				9D7ACE3424998E310062659A /* IOS 1 */,
				9D7ACE4A24998E370062659A /* IOS 1Tests */,
				9D7ACE5524998E370062659A /* IOS 1UITests */,
			);
		};
/* End PBXProject section */

/* Begin PBXResourcesBuildPhase section */
		9D7ACE3324998E310062659A /* Resources */ = {
			isa = PBXResourcesBuildPhase;
			buildActionMask = 2147483647;
			files = (
				9D7ACE4524998E360062659A /* LaunchScreen.storyboard in Resources */,
				9D7ACE4224998E360062659A /* Assets.xcassets in Resources */,
				9D7ACE4024998E310062659A /* Main.storyboard in Resources */,
			);
			runOnlyForDeploymentPostprocessing = 0;
		};
		9D7ACE4924998E370062659A /* Resources */ = {
			isa = PBXResourcesBuildPhase;
			buildActionMask = 2147483647;
			files = (
			);
			runOnlyForDeploymentPostprocessing = 0;
		};
		9D7ACE5424998E370062659A /* Resources */ = {
			isa = PBXResourcesBuildPhase;
			buildActionMask = 2147483647;
			files = (
			);
			runOnlyForDeploymentPostprocessing = 0;
		};
/* End PBXResourcesBuildPhase section */

/* Begin PBXSourcesBuildPhase section */
		9D7ACE3124998E310062659A /* Sources */ = {
			isa = PBXSourcesBuildPhase;
			buildActionMask = 2147483647;
			files = (
				9D7ACE3D24998E310062659A /* ViewController.swift in Sources */,
				9D7ACE3924998E310062659A /* AppDelegate.swift in Sources */,
				9D7ACE3B24998E310062659A /* SceneDelegate.swift in Sources */,
			);
			runOnlyForDeploymentPostprocessing = 0;
		};
		9D7ACE4724998E370062659A /* Sources */ = {
			isa = PBXSourcesBuildPhase;
			buildActionMask = 2147483647;
			files = (
				9D7ACE5024998E370062659A /* IOS_1Tests.swift in Sources */,
			);
			runOnlyForDeploymentPostprocessing = 0;
		};
		9D7ACE5224998E370062659A /* Sources */ = {
			isa = PBXSourcesBuildPhase;
			buildActionMask = 2147483647;
			files = (
				9D7ACE5B24998E370062659A /* IOS_1UITests.swift in Sources */,
			);
			runOnlyForDeploymentPostprocessing = 0;
		};
/* End PBXSourcesBuildPhase section */

/* Begin PBXTargetDependency section */
		9D7ACE4D24998E370062659A /* PBXTargetDependency */ = {
			isa = PBXTargetDependency;
			target = 9D7ACE3424998E310062659A /* IOS 1 */;
			targetProxy = 9D7ACE4C24998E370062659A /* PBXContainerItemProxy */;
		};
		9D7ACE5824998E370062659A /* PBXTargetDependency */ = {
			isa = PBXTargetDependency;
			target = 9D7ACE3424998E310062659A /* IOS 1 */;
			targetProxy = 9D7ACE5724998E370062659A /* PBXContainerItemProxy */;
		};
/* End PBXTargetDependency section */

/* Begin PBXVariantGroup section */
		9D7ACE3E24998E310062659A /* Main.storyboard */ = {
			isa = PBXVariantGroup;
			children = (
				9D7ACE3F24998E310062659A /* Base */,
			);
			name = Main.storyboard;
			sourceTree = "<group>";
		};
		9D7ACE4324998E360062659A /* LaunchScreen.storyboard */ = {
			isa = PBXVariantGroup;
			children = (
				9D7ACE4424998E360062659A /* Base */,
			);
			name = LaunchScreen.storyboard;
			sourceTree = "<group>";
		};
/* End PBXVariantGroup section */

/* Begin XCBuildConfiguration section */
		9D7ACE5D24998E370062659A /* Debug */ = {
			isa = XCBuildConfiguration;
			buildSettings = {
				ALWAYS_SEARCH_USER_PATHS = NO;
				CLANG_ANALYZER_NONNULL = YES;
				CLANG_ANALYZER_NUMBER_OBJECT_CONVERSION = YES_AGGRESSIVE;
				CLANG_CXX_LANGUAGE_STANDARD = "gnu++14";
				CLANG_CXX_LIBRARY = "libc++";
				CLANG_ENABLE_MODULES = YES;
				CLANG_ENABLE_OBJC_ARC = YES;
				CLANG_ENABLE_OBJC_WEAK = YES;
				CLANG_WARN_BLOCK_CAPTURE_AUTORELEASING = YES;
				CLANG_WARN_BOOL_CONVERSION = YES;
				CLANG_WARN_COMMA = YES;
				CLANG_WARN_CONSTANT_CONVERSION = YES;
				CLANG_WARN_DEPRECATED_OBJC_IMPLEMENTATIONS = YES;
				CLANG_WARN_DIRECT_OBJC_ISA_USAGE = YES_ERROR;
				CLANG_WARN_DOCUMENTATION_COMMENTS = YES;
				CLANG_WARN_EMPTY_BODY = YES;
				CLANG_WARN_ENUM_CONVERSION = YES;
				CLANG_WARN_INFINITE_RECURSION = YES;
				CLANG_WARN_INT_CONVERSION = YES;
				CLANG_WARN_NON_LITERAL_NULL_CONVERSION = YES;
				CLANG_WARN_OBJC_IMPLICIT_RETAIN_SELF = YES;
				CLANG_WARN_OBJC_LITERAL_CONVERSION = YES;
				CLANG_WARN_OBJC_ROOT_CLASS = YES_ERROR;
				CLANG_WARN_RANGE_LOOP_ANALYSIS = YES;
				CLANG_WARN_STRICT_PROTOTYPES = YES;
				CLANG_WARN_SUSPICIOUS_MOVE = YES;
				CLANG_WARN_UNGUARDED_AVAILABILITY = YES_AGGRESSIVE;
				CLANG_WARN_UNREACHABLE_CODE = YES;
				CLANG_WARN__DUPLICATE_METHOD_MATCH = YES;
				COPY_PHASE_STRIP = NO;
				DEBUG_INFORMATION_FORMAT = dwarf;
				ENABLE_STRICT_OBJC_MSGSEND = YES;
				ENABLE_TESTABILITY = YES;
				GCC_C_LANGUAGE_STANDARD = gnu11;
				GCC_DYNAMIC_NO_PIC = NO;
				GCC_NO_COMMON_BLOCKS = YES;
				GCC_OPTIMIZATION_LEVEL = 0;
				GCC_PREPROCESSOR_DEFINITIONS = (
					"DEBUG=1",
					"$(inherited)",
				);
				GCC_WARN_64_TO_32_BIT_CONVERSION = YES;
				GCC_WARN_ABOUT_RETURN_TYPE = YES_ERROR;
				GCC_WARN_UNDECLARED_SELECTOR = YES;
				GCC_WARN_UNINITIALIZED_AUTOS = YES_AGGRESSIVE;
				GCC_WARN_UNUSED_FUNCTION = YES;
				GCC_WARN_UNUSED_VARIABLE = YES;
				IPHONEOS_DEPLOYMENT_TARGET = 13.5;
				MTL_ENABLE_DEBUG_INFO = INCLUDE_SOURCE;
				MTL_FAST_MATH = YES;
				ONLY_ACTIVE_ARCH = YES;
				SDKROOT = iphoneos;
				SWIFT_ACTIVE_COMPILATION_CONDITIONS = DEBUG;
				SWIFT_OPTIMIZATION_LEVEL = "-Onone";
			};
			name = Debug;
		};
		9D7ACE5E24998E370062659A /* Release */ = {
			isa = XCBuildConfiguration;
			buildSettings = {
				ALWAYS_SEARCH_USER_PATHS = NO;
				CLANG_ANALYZER_NONNULL = YES;
				CLANG_ANALYZER_NUMBER_OBJECT_CONVERSION = YES_AGGRESSIVE;
				CLANG_CXX_LANGUAGE_STANDARD = "gnu++14";
				CLANG_CXX_LIBRARY = "libc++";
				CLANG_ENABLE_MODULES = YES;
				CLANG_ENABLE_OBJC_ARC = YES;
				CLANG_ENABLE_OBJC_WEAK = YES;
				CLANG_WARN_BLOCK_CAPTURE_AUTORELEASING = YES;
				CLANG_WARN_BOOL_CONVERSION = YES;
				CLANG_WARN_COMMA = YES;
				CLANG_WARN_CONSTANT_CONVERSION = YES;
				CLANG_WARN_DEPRECATED_OBJC_IMPLEMENTATIONS = YES;
				CLANG_WARN_DIRECT_OBJC_ISA_USAGE = YES_ERROR;
				CLANG_WARN_DOCUMENTATION_COMMENTS = YES;
				CLANG_WARN_EMPTY_BODY = YES;
				CLANG_WARN_ENUM_CONVERSION = YES;
				CLANG_WARN_INFINITE_RECURSION = YES;
				CLANG_WARN_INT_CONVERSION = YES;
				CLANG_WARN_NON_LITERAL_NULL_CONVERSION = YES;
				CLANG_WARN_OBJC_IMPLICIT_RETAIN_SELF = YES;
				CLANG_WARN_OBJC_LITERAL_CONVERSION = YES;
				CLANG_WARN_OBJC_ROOT_CLASS = YES_ERROR;
				CLANG_WARN_RANGE_LOOP_ANALYSIS = YES;
				CLANG_WARN_STRICT_PROTOTYPES = YES;
				CLANG_WARN_SUSPICIOUS_MOVE = YES;
				CLANG_WARN_UNGUARDED_AVAILABILITY = YES_AGGRESSIVE;
				CLANG_WARN_UNREACHABLE_CODE = YES;
				CLANG_WARN__DUPLICATE_METHOD_MATCH = YES;
				COPY_PHASE_STRIP = NO;
				DEBUG_INFORMATION_FORMAT = "dwarf-with-dsym";
				ENABLE_NS_ASSERTIONS = NO;
				ENABLE_STRICT_OBJC_MSGSEND = YES;
				GCC_C_LANGUAGE_STANDARD = gnu11;
				GCC_NO_COMMON_BLOCKS = YES;
				GCC_WARN_64_TO_32_BIT_CONVERSION = YES;
				GCC_WARN_ABOUT_RETURN_TYPE = YES_ERROR;
				GCC_WARN_UNDECLARED_SELECTOR = YES;
				GCC_WARN_UNINITIALIZED_AUTOS = YES_AGGRESSIVE;
				GCC_WARN_UNUSED_FUNCTION = YES;
				GCC_WARN_UNUSED_VARIABLE = YES;
				IPHONEOS_DEPLOYMENT_TARGET = 13.5;
				MTL_ENABLE_DEBUG_INFO = NO;
				MTL_FAST_MATH = YES;
				SDKROOT = iphoneos;
				SWIFT_COMPILATION_MODE = wholemodule;
				SWIFT_OPTIMIZATION_LEVEL = "-O";
				VALIDATE_PRODUCT = YES;
			};
			name = Release;
		};
		9D7ACE6024998E370062659A /* Debug */ = {
			isa = XCBuildConfiguration;
			buildSettings = {
				ASSETCATALOG_COMPILER_APPICON_NAME = AppIcon;
				CODE_SIGN_STYLE = Automatic;
				INFOPLIST_FILE = "IOS 1/Info.plist";
				LD_RUNPATH_SEARCH_PATHS = (
					"$(inherited)",
					"@executable_path/Frameworks",
				);
				PRODUCT_BUNDLE_IDENTIFIER = "Allan.IOS-1";
				PRODUCT_NAME = "$(TARGET_NAME)";
				SWIFT_VERSION = 5.0;
				TARGETED_DEVICE_FAMILY = "1,2";
			};
			name = Debug;
		};
		9D7ACE6124998E370062659A /* Release */ = {
			isa = XCBuildConfiguration;
			buildSettings = {
				ASSETCATALOG_COMPILER_APPICON_NAME = AppIcon;
				CODE_SIGN_STYLE = Automatic;
				INFOPLIST_FILE = "IOS 1/Info.plist";
				LD_RUNPATH_SEARCH_PATHS = (
					"$(inherited)",
					"@executable_path/Frameworks",
				);
				PRODUCT_BUNDLE_IDENTIFIER = "Allan.IOS-1";
				PRODUCT_NAME = "$(TARGET_NAME)";
				SWIFT_VERSION = 5.0;
				TARGETED_DEVICE_FAMILY = "1,2";
			};
			name = Release;
		};
		9D7ACE6324998E370062659A /* Debug */ = {
			isa = XCBuildConfiguration;
			buildSettings = {
				ALWAYS_EMBED_SWIFT_STANDARD_LIBRARIES = YES;
				BUNDLE_LOADER = "$(TEST_HOST)";
				CODE_SIGN_STYLE = Automatic;
				INFOPLIST_FILE = "IOS 1Tests/Info.plist";
				IPHONEOS_DEPLOYMENT_TARGET = 13.5;
				LD_RUNPATH_SEARCH_PATHS = (
					"$(inherited)",
					"@executable_path/Frameworks",
					"@loader_path/Frameworks",
				);
				PRODUCT_BUNDLE_IDENTIFIER = "Allan.IOS-1Tests";
				PRODUCT_NAME = "$(TARGET_NAME)";
				SWIFT_VERSION = 5.0;
				TARGETED_DEVICE_FAMILY = "1,2";
				TEST_HOST = "$(BUILT_PRODUCTS_DIR)/IOS 1.app/IOS 1";
			};
			name = Debug;
		};
		9D7ACE6424998E370062659A /* Release */ = {
			isa = XCBuildConfiguration;
			buildSettings = {
				ALWAYS_EMBED_SWIFT_STANDARD_LIBRARIES = YES;
				BUNDLE_LOADER = "$(TEST_HOST)";
				CODE_SIGN_STYLE = Automatic;
				INFOPLIST_FILE = "IOS 1Tests/Info.plist";
				IPHONEOS_DEPLOYMENT_TARGET = 13.5;
				LD_RUNPATH_SEARCH_PATHS = (
					"$(inherited)",
					"@executable_path/Frameworks",
					"@loader_path/Frameworks",
				);
				PRODUCT_BUNDLE_IDENTIFIER = "Allan.IOS-1Tests";
				PRODUCT_NAME = "$(TARGET_NAME)";
				SWIFT_VERSION = 5.0;
				TARGETED_DEVICE_FAMILY = "1,2";
				TEST_HOST = "$(BUILT_PRODUCTS_DIR)/IOS 1.app/IOS 1";
			};
			name = Release;
		};
		9D7ACE6624998E370062659A /* Debug */ = {
			isa = XCBuildConfiguration;
			buildSettings = {
				ALWAYS_EMBED_SWIFT_STANDARD_LIBRARIES = YES;
				CODE_SIGN_STYLE = Automatic;
				INFOPLIST_FILE = "IOS 1UITests/Info.plist";
				LD_RUNPATH_SEARCH_PATHS = (
					"$(inherited)",
					"@executable_path/Frameworks",
					"@loader_path/Frameworks",
				);
				PRODUCT_BUNDLE_IDENTIFIER = "Allan.IOS-1UITests";
				PRODUCT_NAME = "$(TARGET_NAME)";
				SWIFT_VERSION = 5.0;
				TARGETED_DEVICE_FAMILY = "1,2";
				TEST_TARGET_NAME = "IOS 1";
			};
			name = Debug;
		};
		9D7ACE6724998E370062659A /* Release */ = {
			isa = XCBuildConfiguration;
			buildSettings = {
				ALWAYS_EMBED_SWIFT_STANDARD_LIBRARIES = YES;
				CODE_SIGN_STYLE = Automatic;
				INFOPLIST_FILE = "IOS 1UITests/Info.plist";
				LD_RUNPATH_SEARCH_PATHS = (
					"$(inherited)",
					"@executable_path/Frameworks",
					"@loader_path/Frameworks",
				);
				PRODUCT_BUNDLE_IDENTIFIER = "Allan.IOS-1UITests";
				PRODUCT_NAME = "$(TARGET_NAME)";
				SWIFT_VERSION = 5.0;
				TARGETED_DEVICE_FAMILY = "1,2";
				TEST_TARGET_NAME = "IOS 1";
			};
			name = Release;
		};
/* End XCBuildConfiguration section */

/* Begin XCConfigurationList section */
		9D7ACE3024998E310062659A /* Build configuration list for PBXProject "IOS 1" */ = {
			isa = XCConfigurationList;
			buildConfigurations = (
				9D7ACE5D24998E370062659A /* Debug */,
				9D7ACE5E24998E370062659A /* Release */,
			);
			defaultConfigurationIsVisible = 0;
			defaultConfigurationName = Release;
		};
		9D7ACE5F24998E370062659A /* Build configuration list for PBXNativeTarget "IOS 1" */ = {
			isa = XCConfigurationList;
			buildConfigurations = (
				9D7ACE6024998E370062659A /* Debug */,
				9D7ACE6124998E370062659A /* Release */,
			);
			defaultConfigurationIsVisible = 0;
			defaultConfigurationName = Release;
		};
		9D7ACE6224998E370062659A /* Build configuration list for PBXNativeTarget "IOS 1Tests" */ = {
			isa = XCConfigurationList;
			buildConfigurations = (
				9D7ACE6324998E370062659A /* Debug */,
				9D7ACE6424998E370062659A /* Release */,
			);
			defaultConfigurationIsVisible = 0;
			defaultConfigurationName = Release;
		};
		9D7ACE6524998E370062659A /* Build configuration list for PBXNativeTarget "IOS 1UITests" */ = {
			isa = XCConfigurationList;
			buildConfigurations = (
				9D7ACE6624998E370062659A /* Debug */,
				9D7ACE6724998E370062659A /* Release */,
			);
			defaultConfigurationIsVisible = 0;
			defaultConfigurationName = Release;
		};
/* End XCConfigurationList section */
	};
	rootObject = 9D7ACE2D24998E310062659A /* Project object */;
}
